
Microsoft Visual Studio Solution File, Format Version 12.00
# Visual Studio Version 17
VisualStudioVersion = 17.0.32014.148
MinimumVisualStudioVersion = 10.0.40219.1
Project("{9A19103F-16F7-4668-BE54-9A1E7A4F7556}") = "Brokers.RabbitMq", "Brokers.RabbitMq\Brokers.RabbitMq.csproj", "{D937298B-79DF-4C77-B668-50A526D9C6DD}"
EndProject
Project("{9A19103F-16F7-4668-BE54-9A1E7A4F7556}") = "Brokers.Common", "Brokers.Common\Brokers.Common.csproj", "{FA96E323-0616-483D-AABA-3969BFEB45FC}"
EndProject
Project("{9A19103F-16F7-4668-BE54-9A1E7A4F7556}") = "RunForestRun.RabbitMq.Consumers.Example", "RunForestRun.RabbitMq.Consumers.Example\RunForestRun.RabbitMq.Consumers.Example.csproj", "{187D3C53-87E3-4C3A-BBC8-4E184E9F7676}"
EndProject
Project("{9A19103F-16F7-4668-BE54-9A1E7A4F7556}") = "RunForestRun.RabbitMq.Events.Example", "RunForestRun.RabbitMq.Events.Example\RunForestRun.RabbitMq.Events.Example.csproj", "{426EA1C3-4779-4548-8DD4-709827BEF598}"
EndProject
Project("{9A19103F-16F7-4668-BE54-9A1E7A4F7556}") = "RunForestRun.RabbitMq.Publishers.Api", "RunForestRun.RabbitMq.Publishers.Api\RunForestRun.RabbitMq.Publishers.Api.csproj", "{359F71FD-C673-4A74-B049-6404087283A2}"
EndProject
Global
	GlobalSection(SolutionConfigurationPlatforms) = preSolution
		Debug|Any CPU = Debug|Any CPU
		Release|Any CPU = Release|Any CPU
	EndGlobalSection
	GlobalSection(ProjectConfigurationPlatforms) = postSolution
		{D937298B-79DF-4C77-B668-50A526D9C6DD}.Debug|Any CPU.ActiveCfg = Debug|Any CPU
		{D937298B-79DF-4C77-B668-50A526D9C6DD}.Debug|Any CPU.Build.0 = Debug|Any CPU
		{D937298B-79DF-4C77-B668-50A526D9C6DD}.Release|Any CPU.ActiveCfg = Release|Any CPU
		{D937298B-79DF-4C77-B668-50A526D9C6DD}.Release|Any CPU.Build.0 = Release|Any CPU
		{FA96E323-0616-483D-AABA-3969BFEB45FC}.Debug|Any CPU.ActiveCfg = Debug|Any CPU
		{FA96E323-0616-483D-AABA-3969BFEB45FC}.Debug|Any CPU.Build.0 = Debug|Any CPU
		{FA96E323-0616-483D-AABA-3969BFEB45FC}.Release|Any CPU.ActiveCfg = Release|Any CPU
		{FA96E323-0616-483D-AABA-3969BFEB45FC}.Release|Any CPU.Build.0 = Release|Any CPU
		{187D3C53-87E3-4C3A-BBC8-4E184E9F7676}.Debug|Any CPU.ActiveCfg = Debug|Any CPU
		{187D3C53-87E3-4C3A-BBC8-4E184E9F7676}.Debug|Any CPU.Build.0 = Debug|Any CPU
		{187D3C53-87E3-4C3A-BBC8-4E184E9F7676}.Release|Any CPU.ActiveCfg = Release|Any CPU
		{187D3C53-87E3-4C3A-BBC8-4E184E9F7676}.Release|Any CPU.Build.0 = Release|Any CPU
		{426EA1C3-4779-4548-8DD4-709827BEF598}.Debug|Any CPU.ActiveCfg = Debug|Any CPU
		{426EA1C3-4779-4548-8DD4-709827BEF598}.Debug|Any CPU.Build.0 = Debug|Any CPU
		{426EA1C3-4779-4548-8DD4-709827BEF598}.Release|Any CPU.ActiveCfg = Release|Any CPU
		{426EA1C3-4779-4548-8DD4-709827BEF598}.Release|Any CPU.Build.0 = Release|Any CPU
		{359F71FD-C673-4A74-B049-6404087283A2}.Debug|Any CPU.ActiveCfg = Debug|Any CPU
		{359F71FD-C673-4A74-B049-6404087283A2}.Debug|Any CPU.Build.0 = Debug|Any CPU
		{359F71FD-C673-4A74-B049-6404087283A2}.Release|Any CPU.ActiveCfg = Release|Any CPU
		{359F71FD-C673-4A74-B049-6404087283A2}.Release|Any CPU.Build.0 = Release|Any CPU
	EndGlobalSection
	GlobalSection(SolutionProperties) = preSolution
		HideSolutionNode = FALSE
	EndGlobalSection
	GlobalSection(ExtensibilityGlobals) = postSolution
		SolutionGuid = {2DC1B1E3-06F8-4D5B-9F75-FC0FC340E138}
	EndGlobalSection
EndGlobal
